
Microsoft Visual Studio Solution File, Format Version 12.00
# Visual Studio 15
VisualStudioVersion = 15.0.28307.329
MinimumVisualStudioVersion = 10.0.40219.1
Project("{FAE04EC0-301F-11D3-BF4B-00C04F79EFBC}") = "Game", "Lesson_1\Game.csproj", "{689B1921-6DBB-4AB3-ABA1-5C7E4B8911A6}"
EndProject
Global
	GlobalSection(SolutionConfigurationPlatforms) = preSolution
		Debug|Any CPU = Debug|Any CPU
		Release|Any CPU = Release|Any CPU
	EndGlobalSection
	GlobalSection(ProjectConfigurationPlatforms) = postSolution
		{689B1921-6DBB-4AB3-ABA1-5C7E4B8911A6}.Debug|Any CPU.ActiveCfg = Debug|Any CPU
		{689B1921-6DBB-4AB3-ABA1-5C7E4B8911A6}.Debug|Any CPU.Build.0 = Debug|Any CPU
		{689B1921-6DBB-4AB3-ABA1-5C7E4B8911A6}.Release|Any CPU.ActiveCfg = Release|Any CPU
		{689B1921-6DBB-4AB3-ABA1-5C7E4B8911A6}.Release|Any CPU.Build.0 = Release|Any CPU
	EndGlobalSection
	GlobalSection(SolutionProperties) = preSolution
		HideSolutionNode = FALSE
	EndGlobalSection
	GlobalSection(ExtensibilityGlobals) = postSolution
		SolutionGuid = {D691CA17-6CAD-4759-9871-C560D2EEE379}
	EndGlobalSection
EndGlobal
